
Microsoft Visual Studio Solution File, Format Version 12.00
# Visual Studio Version 16
VisualStudioVersion = 16.0.29613.14
MinimumVisualStudioVersion = 10.0.40219.1
Project("{FAE04EC0-301F-11D3-BF4B-00C04F79EFBC}") = "HomeWork1", "HomeWork1\HomeWork1.csproj", "{27107A30-7EAF-4212-976B-BC4F808DD359}"
EndProject
Global
	GlobalSection(SolutionConfigurationPlatforms) = preSolution
		Debug|Any CPU = Debug|Any CPU
		Release|Any CPU = Release|Any CPU
	EndGlobalSection
	GlobalSection(ProjectConfigurationPlatforms) = postSolution
		{27107A30-7EAF-4212-976B-BC4F808DD359}.Debug|Any CPU.ActiveCfg = Debug|Any CPU
		{27107A30-7EAF-4212-976B-BC4F808DD359}.Debug|Any CPU.Build.0 = Debug|Any CPU
		{27107A30-7EAF-4212-976B-BC4F808DD359}.Release|Any CPU.ActiveCfg = Release|Any CPU
		{27107A30-7EAF-4212-976B-BC4F808DD359}.Release|Any CPU.Build.0 = Release|Any CPU
	EndGlobalSection
	GlobalSection(SolutionProperties) = preSolution
		HideSolutionNode = FALSE
	EndGlobalSection
	GlobalSection(ExtensibilityGlobals) = postSolution
		SolutionGuid = {66F2FED0-894F-48FF-9A95-3D45DC0E6B1B}
	EndGlobalSection
EndGlobal
